// !$*UTF8*$!
{
	archiveVersion = 1;
	classes = {
	};
	objectVersion = 52;
	objects = {

/* Begin PBXBuildFile section */
		1835ED1423C21143006C56E4 /* Assets.xcassets in Resources */ = {isa = PBXBuildFile; fileRef = 1835ED1323C21143006C56E4 /* Assets.xcassets */; };
		1835ED1623C2128D006C56E4 /* Clown_Fish_1200x1200.png in Resources */ = {isa = PBXBuildFile; fileRef = 1835ED1523C2128D006C56E4 /* Clown_Fish_1200x1200.png */; };
		184E0AA423C1DAB100236241 /* CGImage+Alfa.swift in Sources */ = {isa = PBXBuildFile; fileRef = 184E0AA023C1D72900236241 /* CGImage+Alfa.swift */; };
		18A406C62134334F00C1ADDD /* AppDelegate.swift in Sources */ = {isa = PBXBuildFile; fileRef = 18A406C52134334F00C1ADDD /* AppDelegate.swift */; };
		18A406E621343C2D00C1ADDD /* Accelerate.framework in Frameworks */ = {isa = PBXBuildFile; fileRef = 18A406E521343C2D00C1ADDD /* Accelerate.framework */; };
		18A406E821343C3400C1ADDD /* CoreImage.framework in Frameworks */ = {isa = PBXBuildFile; fileRef = 18A406E721343C3400C1ADDD /* CoreImage.framework */; };
		18A406EA21343C3A00C1ADDD /* CoreGraphics.framework in Frameworks */ = {isa = PBXBuildFile; fileRef = 18A406E921343C3A00C1ADDD /* CoreGraphics.framework */; };
		18A406EC21343C4100C1ADDD /* UIKit.framework in Frameworks */ = {isa = PBXBuildFile; fileRef = 18A406EB21343C4000C1ADDD /* UIKit.framework */; };
		18AE885723C10DB5008E7163 /* ImageResizingTests.swift in Sources */ = {isa = PBXBuildFile; fileRef = 18AE885623C10DB5008E7163 /* ImageResizingTests.swift */; };
		18AE886023C12048008E7163 /* UIImage+Resize.swift in Sources */ = {isa = PBXBuildFile; fileRef = 18A406D72134343D00C1ADDD /* UIImage+Resize.swift */; };
		18AE886123C1204C008E7163 /* CGImage+Resize.swift in Sources */ = {isa = PBXBuildFile; fileRef = 18AE885E23C11678008E7163 /* CGImage+Resize.swift */; };
		1B67BB6FAE595F9C0A91694B /* Pods_ImageResizing_ImageResizingTests.framework in Frameworks */ = {isa = PBXBuildFile; fileRef = 763E7D8CA3527FD60C95F59C /* Pods_ImageResizing_ImageResizingTests.framework */; };
		E412E711E2BD6B11931E9480 /* Pods_ImageResizing.framework in Frameworks */ = {isa = PBXBuildFile; fileRef = 0F326786A18E8ECA43395BF5 /* Pods_ImageResizing.framework */; };
/* End PBXBuildFile section */

/* Begin PBXContainerItemProxy section */
		18AE885923C10DB5008E7163 /* PBXContainerItemProxy */ = {
			isa = PBXContainerItemProxy;
			containerPortal = 18A406BA2134334F00C1ADDD /* Project object */;
			proxyType = 1;
			remoteGlobalIDString = 18A406C12134334F00C1ADDD;
			remoteInfo = ImageResizing;
		};
/* End PBXContainerItemProxy section */

/* Begin PBXCopyFilesBuildPhase section */
		18A406E32134388B00C1ADDD /* Embed Frameworks */ = {
			isa = PBXCopyFilesBuildPhase;
			buildActionMask = 2147483647;
			dstPath = "";
			dstSubfolderSpec = 10;
			files = (
			);
			name = "Embed Frameworks";
			runOnlyForDeploymentPostprocessing = 0;
		};
/* End PBXCopyFilesBuildPhase section */

/* Begin PBXFileReference section */
		0405F5DACC2437210EAB088C /* Pods-ImageResizingTests.debug.xcconfig */ = {isa = PBXFileReference; includeInIndex = 1; lastKnownFileType = text.xcconfig; name = "Pods-ImageResizingTests.debug.xcconfig"; path = "Target Support Files/Pods-ImageResizingTests/Pods-ImageResizingTests.debug.xcconfig"; sourceTree = "<group>"; };
		0F326786A18E8ECA43395BF5 /* Pods_ImageResizing.framework */ = {isa = PBXFileReference; explicitFileType = wrapper.framework; includeInIndex = 0; path = Pods_ImageResizing.framework; sourceTree = BUILT_PRODUCTS_DIR; };
		1835ED1323C21143006C56E4 /* Assets.xcassets */ = {isa = PBXFileReference; lastKnownFileType = folder.assetcatalog; path = Assets.xcassets; sourceTree = "<group>"; };
		1835ED1523C2128D006C56E4 /* Clown_Fish_1200x1200.png */ = {isa = PBXFileReference; lastKnownFileType = image.png; path = Clown_Fish_1200x1200.png; sourceTree = "<group>"; };
		184E0AA023C1D72900236241 /* CGImage+Alfa.swift */ = {isa = PBXFileReference; lastKnownFileType = sourcecode.swift; path = "CGImage+Alfa.swift"; sourceTree = "<group>"; };
		18A406C22134334F00C1ADDD /* ImageResizing.app */ = {isa = PBXFileReference; explicitFileType = wrapper.application; includeInIndex = 0; path = ImageResizing.app; sourceTree = BUILT_PRODUCTS_DIR; };
		18A406C52134334F00C1ADDD /* AppDelegate.swift */ = {isa = PBXFileReference; lastKnownFileType = sourcecode.swift; path = AppDelegate.swift; sourceTree = "<group>"; };
		18A406D12134335100C1ADDD /* Info.plist */ = {isa = PBXFileReference; lastKnownFileType = text.plist.xml; path = Info.plist; sourceTree = "<group>"; };
		18A406D72134343D00C1ADDD /* UIImage+Resize.swift */ = {isa = PBXFileReference; lastKnownFileType = sourcecode.swift; path = "UIImage+Resize.swift"; sourceTree = "<group>"; };
		18A406E521343C2D00C1ADDD /* Accelerate.framework */ = {isa = PBXFileReference; lastKnownFileType = wrapper.framework; name = Accelerate.framework; path = System/Library/Frameworks/Accelerate.framework; sourceTree = SDKROOT; };
		18A406E721343C3400C1ADDD /* CoreImage.framework */ = {isa = PBXFileReference; lastKnownFileType = wrapper.framework; name = CoreImage.framework; path = System/Library/Frameworks/CoreImage.framework; sourceTree = SDKROOT; };
		18A406E921343C3A00C1ADDD /* CoreGraphics.framework */ = {isa = PBXFileReference; lastKnownFileType = wrapper.framework; name = CoreGraphics.framework; path = System/Library/Frameworks/CoreGraphics.framework; sourceTree = SDKROOT; };
		18A406EB21343C4000C1ADDD /* UIKit.framework */ = {isa = PBXFileReference; lastKnownFileType = wrapper.framework; name = UIKit.framework; path = System/Library/Frameworks/UIKit.framework; sourceTree = SDKROOT; };
		18AE885423C10DB5008E7163 /* ImageResizingTests.xctest */ = {isa = PBXFileReference; explicitFileType = wrapper.cfbundle; includeInIndex = 0; path = ImageResizingTests.xctest; sourceTree = BUILT_PRODUCTS_DIR; };
		18AE885623C10DB5008E7163 /* ImageResizingTests.swift */ = {isa = PBXFileReference; lastKnownFileType = sourcecode.swift; path = ImageResizingTests.swift; sourceTree = "<group>"; };
		18AE885823C10DB5008E7163 /* Info.plist */ = {isa = PBXFileReference; lastKnownFileType = text.plist.xml; path = Info.plist; sourceTree = "<group>"; };
		18AE885E23C11678008E7163 /* CGImage+Resize.swift */ = {isa = PBXFileReference; lastKnownFileType = sourcecode.swift; path = "CGImage+Resize.swift"; sourceTree = "<group>"; };
		1C635E457B7DB96A698EEFD2 /* Pods-ImageResizing.release.xcconfig */ = {isa = PBXFileReference; includeInIndex = 1; lastKnownFileType = text.xcconfig; name = "Pods-ImageResizing.release.xcconfig"; path = "Target Support Files/Pods-ImageResizing/Pods-ImageResizing.release.xcconfig"; sourceTree = "<group>"; };
		3E01D801821B231A48EF156B /* Pods-ImageResizing.debug.xcconfig */ = {isa = PBXFileReference; includeInIndex = 1; lastKnownFileType = text.xcconfig; name = "Pods-ImageResizing.debug.xcconfig"; path = "Target Support Files/Pods-ImageResizing/Pods-ImageResizing.debug.xcconfig"; sourceTree = "<group>"; };
		763E7D8CA3527FD60C95F59C /* Pods_ImageResizing_ImageResizingTests.framework */ = {isa = PBXFileReference; explicitFileType = wrapper.framework; includeInIndex = 0; path = Pods_ImageResizing_ImageResizingTests.framework; sourceTree = BUILT_PRODUCTS_DIR; };
		9BEBB74F08617E118DD379B0 /* Pods-ImageResizing-ImageResizingTests.release.xcconfig */ = {isa = PBXFileReference; includeInIndex = 1; lastKnownFileType = text.xcconfig; name = "Pods-ImageResizing-ImageResizingTests.release.xcconfig"; path = "Target Support Files/Pods-ImageResizing-ImageResizingTests/Pods-ImageResizing-ImageResizingTests.release.xcconfig"; sourceTree = "<group>"; };
		B34A56F7AC525C8B6C04F056 /* Pods-ImageResizing-ImageResizingTests.debug.xcconfig */ = {isa = PBXFileReference; includeInIndex = 1; lastKnownFileType = text.xcconfig; name = "Pods-ImageResizing-ImageResizingTests.debug.xcconfig"; path = "Target Support Files/Pods-ImageResizing-ImageResizingTests/Pods-ImageResizing-ImageResizingTests.debug.xcconfig"; sourceTree = "<group>"; };
		C70FB945C5196F995B69B08F /* Pods-ImageResizingTests.release.xcconfig */ = {isa = PBXFileReference; includeInIndex = 1; lastKnownFileType = text.xcconfig; name = "Pods-ImageResizingTests.release.xcconfig"; path = "Target Support Files/Pods-ImageResizingTests/Pods-ImageResizingTests.release.xcconfig"; sourceTree = "<group>"; };
/* End PBXFileReference section */

/* Begin PBXFrameworksBuildPhase section */
		18A406BF2134334F00C1ADDD /* Frameworks */ = {
			isa = PBXFrameworksBuildPhase;
			buildActionMask = 2147483647;
			files = (
				18A406EC21343C4100C1ADDD /* UIKit.framework in Frameworks */,
				18A406EA21343C3A00C1ADDD /* CoreGraphics.framework in Frameworks */,
				18A406E821343C3400C1ADDD /* CoreImage.framework in Frameworks */,
				18A406E621343C2D00C1ADDD /* Accelerate.framework in Frameworks */,
				E412E711E2BD6B11931E9480 /* Pods_ImageResizing.framework in Frameworks */,
			);
			runOnlyForDeploymentPostprocessing = 0;
		};
		18AE885123C10DB5008E7163 /* Frameworks */ = {
			isa = PBXFrameworksBuildPhase;
			buildActionMask = 2147483647;
			files = (
				1B67BB6FAE595F9C0A91694B /* Pods_ImageResizing_ImageResizingTests.framework in Frameworks */,
			);
			runOnlyForDeploymentPostprocessing = 0;
		};
/* End PBXFrameworksBuildPhase section */

/* Begin PBXGroup section */
		18A406B92134334F00C1ADDD = {
			isa = PBXGroup;
			children = (
				18A406C42134334F00C1ADDD /* ImageResizing */,
				18AE885523C10DB5008E7163 /* ImageResizingTests */,
				18A406C32134334F00C1ADDD /* Products */,
				18A406E421343C2D00C1ADDD /* Frameworks */,
				2CA1A2EA4C575340AA680EEF /* Pods */,
			);
			sourceTree = "<group>";
		};
		18A406C32134334F00C1ADDD /* Products */ = {
			isa = PBXGroup;
			children = (
				18A406C22134334F00C1ADDD /* ImageResizing.app */,
				18AE885423C10DB5008E7163 /* ImageResizingTests.xctest */,
			);
			name = Products;
			sourceTree = "<group>";
		};
		18A406C42134334F00C1ADDD /* ImageResizing */ = {
			isa = PBXGroup;
			children = (
				18A406C52134334F00C1ADDD /* AppDelegate.swift */,
				1835ED1323C21143006C56E4 /* Assets.xcassets */,
				18A406D12134335100C1ADDD /* Info.plist */,
			);
			path = ImageResizing;
			sourceTree = "<group>";
		};
		18A406E421343C2D00C1ADDD /* Frameworks */ = {
			isa = PBXGroup;
			children = (
				18A406EB21343C4000C1ADDD /* UIKit.framework */,
				18A406E921343C3A00C1ADDD /* CoreGraphics.framework */,
				18A406E721343C3400C1ADDD /* CoreImage.framework */,
				18A406E521343C2D00C1ADDD /* Accelerate.framework */,
				0F326786A18E8ECA43395BF5 /* Pods_ImageResizing.framework */,
				763E7D8CA3527FD60C95F59C /* Pods_ImageResizing_ImageResizingTests.framework */,
			);
			name = Frameworks;
			sourceTree = "<group>";
		};
		18AE885523C10DB5008E7163 /* ImageResizingTests */ = {
			isa = PBXGroup;
			children = (
				18AE886623C1910E008E7163 /* Resources */,
				18AE886223C120AB008E7163 /* Extensions */,
				18AE885623C10DB5008E7163 /* ImageResizingTests.swift */,
				18AE885823C10DB5008E7163 /* Info.plist */,
			);
			path = ImageResizingTests;
			sourceTree = "<group>";
		};
		18AE886223C120AB008E7163 /* Extensions */ = {
			isa = PBXGroup;
			children = (
				18A406D72134343D00C1ADDD /* UIImage+Resize.swift */,
				18AE885E23C11678008E7163 /* CGImage+Resize.swift */,
				184E0AA023C1D72900236241 /* CGImage+Alfa.swift */,
			);
			path = Extensions;
			sourceTree = "<group>";
		};
		18AE886623C1910E008E7163 /* Resources */ = {
			isa = PBXGroup;
			children = (
				1835ED1523C2128D006C56E4 /* Clown_Fish_1200x1200.png */,
			);
			path = Resources;
			sourceTree = "<group>";
		};
		2CA1A2EA4C575340AA680EEF /* Pods */ = {
			isa = PBXGroup;
			children = (
				3E01D801821B231A48EF156B /* Pods-ImageResizing.debug.xcconfig */,
				1C635E457B7DB96A698EEFD2 /* Pods-ImageResizing.release.xcconfig */,
				0405F5DACC2437210EAB088C /* Pods-ImageResizingTests.debug.xcconfig */,
				C70FB945C5196F995B69B08F /* Pods-ImageResizingTests.release.xcconfig */,
				B34A56F7AC525C8B6C04F056 /* Pods-ImageResizing-ImageResizingTests.debug.xcconfig */,
				9BEBB74F08617E118DD379B0 /* Pods-ImageResizing-ImageResizingTests.release.xcconfig */,
			);
			path = Pods;
			sourceTree = "<group>";
		};
/* End PBXGroup section */

/* Begin PBXNativeTarget section */
		18A406C12134334F00C1ADDD /* ImageResizing */ = {
			isa = PBXNativeTarget;
			buildConfigurationList = 18A406D42134335100C1ADDD /* Build configuration list for PBXNativeTarget "ImageResizing" */;
			buildPhases = (
				45402F76938B10BC8E70D44C /* [CP] Check Pods Manifest.lock */,
				18A406BE2134334F00C1ADDD /* Sources */,
				18A406BF2134334F00C1ADDD /* Frameworks */,
				18A406C02134334F00C1ADDD /* Resources */,
				18A406E32134388B00C1ADDD /* Embed Frameworks */,
				12D1513CF049C9CD27DBB971 /* [CP] Embed Pods Frameworks */,
			);
			buildRules = (
			);
			dependencies = (
			);
			name = ImageResizing;
			productName = ImageResizing;
			productReference = 18A406C22134334F00C1ADDD /* ImageResizing.app */;
			productType = "com.apple.product-type.application";
		};
		18AE885323C10DB5008E7163 /* ImageResizingTests */ = {
			isa = PBXNativeTarget;
			buildConfigurationList = 18AE885B23C10DB5008E7163 /* Build configuration list for PBXNativeTarget "ImageResizingTests" */;
			buildPhases = (
				63CFB243EFD28F316EF91EF1 /* [CP] Check Pods Manifest.lock */,
				18AE885023C10DB5008E7163 /* Sources */,
				18AE885123C10DB5008E7163 /* Frameworks */,
				18AE885223C10DB5008E7163 /* Resources */,
				61E6D0510A2B4438CBC5A378 /* [CP] Embed Pods Frameworks */,
			);
			buildRules = (
			);
			dependencies = (
				18AE885A23C10DB5008E7163 /* PBXTargetDependency */,
			);
			name = ImageResizingTests;
			productName = ImageResizingTests;
			productReference = 18AE885423C10DB5008E7163 /* ImageResizingTests.xctest */;
			productType = "com.apple.product-type.bundle.unit-test";
		};
/* End PBXNativeTarget section */

/* Begin PBXProject section */
		18A406BA2134334F00C1ADDD /* Project object */ = {
			isa = PBXProject;
			attributes = {
				LastSwiftUpdateCheck = 1130;
				LastUpgradeCheck = 1000;
				ORGANIZATIONNAME = "Eugene Bokhan";
				TargetAttributes = {
					18A406C12134334F00C1ADDD = {
						CreatedOnToolsVersion = 10.0;
					};
					18AE885323C10DB5008E7163 = {
						CreatedOnToolsVersion = 11.3;
						TestTargetID = 18A406C12134334F00C1ADDD;
					};
				};
			};
			buildConfigurationList = 18A406BD2134334F00C1ADDD /* Build configuration list for PBXProject "ImageResizing" */;
			compatibilityVersion = "Xcode 11.0";
			developmentRegion = en;
			hasScannedForEncodings = 0;
			knownRegions = (
				en,
				Base,
			);
			mainGroup = 18A406B92134334F00C1ADDD;
			productRefGroup = 18A406C32134334F00C1ADDD /* Products */;
			projectDirPath = "";
			projectRoot = "";
			targets = (
				18A406C12134334F00C1ADDD /* ImageResizing */,
				18AE885323C10DB5008E7163 /* ImageResizingTests */,
			);
		};
/* End PBXProject section */

/* Begin PBXResourcesBuildPhase section */
		18A406C02134334F00C1ADDD /* Resources */ = {
			isa = PBXResourcesBuildPhase;
			buildActionMask = 2147483647;
			files = (
				1835ED1423C21143006C56E4 /* Assets.xcassets in Resources */,
			);
			runOnlyForDeploymentPostprocessing = 0;
		};
		18AE885223C10DB5008E7163 /* Resources */ = {
			isa = PBXResourcesBuildPhase;
			buildActionMask = 2147483647;
			files = (
				1835ED1623C2128D006C56E4 /* Clown_Fish_1200x1200.png in Resources */,
			);
			runOnlyForDeploymentPostprocessing = 0;
		};
/* End PBXResourcesBuildPhase section */

/* Begin PBXShellScriptBuildPhase section */
		12D1513CF049C9CD27DBB971 /* [CP] Embed Pods Frameworks */ = {
			isa = PBXShellScriptBuildPhase;
			buildActionMask = 2147483647;
			files = (
			);
			inputFileListPaths = (
				"${PODS_ROOT}/Target Support Files/Pods-ImageResizing/Pods-ImageResizing-frameworks-${CONFIGURATION}-input-files.xcfilelist",
			);
			name = "[CP] Embed Pods Frameworks";
			outputFileListPaths = (
				"${PODS_ROOT}/Target Support Files/Pods-ImageResizing/Pods-ImageResizing-frameworks-${CONFIGURATION}-output-files.xcfilelist",
			);
			runOnlyForDeploymentPostprocessing = 0;
			shellPath = /bin/sh;
			shellScript = "\"${PODS_ROOT}/Target Support Files/Pods-ImageResizing/Pods-ImageResizing-frameworks.sh\"\n";
			showEnvVarsInLog = 0;
		};
		45402F76938B10BC8E70D44C /* [CP] Check Pods Manifest.lock */ = {
			isa = PBXShellScriptBuildPhase;
			buildActionMask = 2147483647;
			files = (
			);
			inputFileListPaths = (
			);
			inputPaths = (
				"${PODS_PODFILE_DIR_PATH}/Podfile.lock",
				"${PODS_ROOT}/Manifest.lock",
			);
			name = "[CP] Check Pods Manifest.lock";
			outputFileListPaths = (
			);
			outputPaths = (
				"$(DERIVED_FILE_DIR)/Pods-ImageResizing-checkManifestLockResult.txt",
			);
			runOnlyForDeploymentPostprocessing = 0;
			shellPath = /bin/sh;
			shellScript = "diff \"${PODS_PODFILE_DIR_PATH}/Podfile.lock\" \"${PODS_ROOT}/Manifest.lock\" > /dev/null\nif [ $? != 0 ] ; then\n    # print error to STDERR\n    echo \"error: The sandbox is not in sync with the Podfile.lock. Run 'pod install' or update your CocoaPods installation.\" >&2\n    exit 1\nfi\n# This output is used by Xcode 'outputs' to avoid re-running this script phase.\necho \"SUCCESS\" > \"${SCRIPT_OUTPUT_FILE_0}\"\n";
			showEnvVarsInLog = 0;
		};
		61E6D0510A2B4438CBC5A378 /* [CP] Embed Pods Frameworks */ = {
			isa = PBXShellScriptBuildPhase;
			buildActionMask = 2147483647;
			files = (
			);
			inputFileListPaths = (
				"${PODS_ROOT}/Target Support Files/Pods-ImageResizing-ImageResizingTests/Pods-ImageResizing-ImageResizingTests-frameworks-${CONFIGURATION}-input-files.xcfilelist",
			);
			name = "[CP] Embed Pods Frameworks";
			outputFileListPaths = (
				"${PODS_ROOT}/Target Support Files/Pods-ImageResizing-ImageResizingTests/Pods-ImageResizing-ImageResizingTests-frameworks-${CONFIGURATION}-output-files.xcfilelist",
			);
			runOnlyForDeploymentPostprocessing = 0;
			shellPath = /bin/sh;
			shellScript = "\"${PODS_ROOT}/Target Support Files/Pods-ImageResizing-ImageResizingTests/Pods-ImageResizing-ImageResizingTests-frameworks.sh\"\n";
			showEnvVarsInLog = 0;
		};
		63CFB243EFD28F316EF91EF1 /* [CP] Check Pods Manifest.lock */ = {
			isa = PBXShellScriptBuildPhase;
			buildActionMask = 2147483647;
			files = (
			);
			inputFileListPaths = (
			);
			inputPaths = (
				"${PODS_PODFILE_DIR_PATH}/Podfile.lock",
				"${PODS_ROOT}/Manifest.lock",
			);
			name = "[CP] Check Pods Manifest.lock";
			outputFileListPaths = (
			);
			outputPaths = (
				"$(DERIVED_FILE_DIR)/Pods-ImageResizing-ImageResizingTests-checkManifestLockResult.txt",
			);
			runOnlyForDeploymentPostprocessing = 0;
			shellPath = /bin/sh;
			shellScript = "diff \"${PODS_PODFILE_DIR_PATH}/Podfile.lock\" \"${PODS_ROOT}/Manifest.lock\" > /dev/null\nif [ $? != 0 ] ; then\n    # print error to STDERR\n    echo \"error: The sandbox is not in sync with the Podfile.lock. Run 'pod install' or update your CocoaPods installation.\" >&2\n    exit 1\nfi\n# This output is used by Xcode 'outputs' to avoid re-running this script phase.\necho \"SUCCESS\" > \"${SCRIPT_OUTPUT_FILE_0}\"\n";
			showEnvVarsInLog = 0;
		};
/* End PBXShellScriptBuildPhase section */

/* Begin PBXSourcesBuildPhase section */
		18A406BE2134334F00C1ADDD /* Sources */ = {
			isa = PBXSourcesBuildPhase;
			buildActionMask = 2147483647;
			files = (
				18A406C62134334F00C1ADDD /* AppDelegate.swift in Sources */,
			);
			runOnlyForDeploymentPostprocessing = 0;
		};
		18AE885023C10DB5008E7163 /* Sources */ = {
			isa = PBXSourcesBuildPhase;
			buildActionMask = 2147483647;
			files = (
				18AE885723C10DB5008E7163 /* ImageResizingTests.swift in Sources */,
				184E0AA423C1DAB100236241 /* CGImage+Alfa.swift in Sources */,
				18AE886123C1204C008E7163 /* CGImage+Resize.swift in Sources */,
				18AE886023C12048008E7163 /* UIImage+Resize.swift in Sources */,
			);
			runOnlyForDeploymentPostprocessing = 0;
		};
/* End PBXSourcesBuildPhase section */

/* Begin PBXTargetDependency section */
		18AE885A23C10DB5008E7163 /* PBXTargetDependency */ = {
			isa = PBXTargetDependency;
			target = 18A406C12134334F00C1ADDD /* ImageResizing */;
			targetProxy = 18AE885923C10DB5008E7163 /* PBXContainerItemProxy */;
		};
/* End PBXTargetDependency section */

/* Begin XCBuildConfiguration section */
		18A406D22134335100C1ADDD /* Debug */ = {
			isa = XCBuildConfiguration;
			buildSettings = {
				ALWAYS_SEARCH_USER_PATHS = NO;
				CLANG_ANALYZER_NONNULL = YES;
				CLANG_ANALYZER_NUMBER_OBJECT_CONVERSION = YES_AGGRESSIVE;
				CLANG_CXX_LANGUAGE_STANDARD = "gnu++14";
				CLANG_CXX_LIBRARY = "libc++";
				CLANG_ENABLE_MODULES = YES;
				CLANG_ENABLE_OBJC_ARC = YES;
				CLANG_ENABLE_OBJC_WEAK = YES;
				CLANG_WARN_BLOCK_CAPTURE_AUTORELEASING = YES;
				CLANG_WARN_BOOL_CONVERSION = YES;
				CLANG_WARN_COMMA = YES;
				CLANG_WARN_CONSTANT_CONVERSION = YES;
				CLANG_WARN_DEPRECATED_OBJC_IMPLEMENTATIONS = YES;
				CLANG_WARN_DIRECT_OBJC_ISA_USAGE = YES_ERROR;
				CLANG_WARN_DOCUMENTATION_COMMENTS = YES;
				CLANG_WARN_EMPTY_BODY = YES;
				CLANG_WARN_ENUM_CONVERSION = YES;
				CLANG_WARN_INFINITE_RECURSION = YES;
				CLANG_WARN_INT_CONVERSION = YES;
				CLANG_WARN_NON_LITERAL_NULL_CONVERSION = YES;
				CLANG_WARN_OBJC_IMPLICIT_RETAIN_SELF = YES;
				CLANG_WARN_OBJC_LITERAL_CONVERSION = YES;
				CLANG_WARN_OBJC_ROOT_CLASS = YES_ERROR;
				CLANG_WARN_RANGE_LOOP_ANALYSIS = YES;
				CLANG_WARN_STRICT_PROTOTYPES = YES;
				CLANG_WARN_SUSPICIOUS_MOVE = YES;
				CLANG_WARN_UNGUARDED_AVAILABILITY = YES_AGGRESSIVE;
				CLANG_WARN_UNREACHABLE_CODE = YES;
				CLANG_WARN__DUPLICATE_METHOD_MATCH = YES;
				CODE_SIGN_IDENTITY = "iPhone Developer";
				COPY_PHASE_STRIP = NO;
				DEBUG_INFORMATION_FORMAT = dwarf;
				ENABLE_STRICT_OBJC_MSGSEND = YES;
				ENABLE_TESTABILITY = YES;
				GCC_C_LANGUAGE_STANDARD = gnu11;
				GCC_DYNAMIC_NO_PIC = NO;
				GCC_NO_COMMON_BLOCKS = YES;
				GCC_OPTIMIZATION_LEVEL = 0;
				GCC_PREPROCESSOR_DEFINITIONS = (
					"DEBUG=1",
					"$(inherited)",
				);
				GCC_WARN_64_TO_32_BIT_CONVERSION = YES;
				GCC_WARN_ABOUT_RETURN_TYPE = YES_ERROR;
				GCC_WARN_UNDECLARED_SELECTOR = YES;
				GCC_WARN_UNINITIALIZED_AUTOS = YES_AGGRESSIVE;
				GCC_WARN_UNUSED_FUNCTION = YES;
				GCC_WARN_UNUSED_VARIABLE = YES;
				IPHONEOS_DEPLOYMENT_TARGET = 12.0;
				MTL_ENABLE_DEBUG_INFO = INCLUDE_SOURCE;
				MTL_FAST_MATH = YES;
				ONLY_ACTIVE_ARCH = YES;
				SDKROOT = iphoneos;
				SWIFT_ACTIVE_COMPILATION_CONDITIONS = DEBUG;
				SWIFT_OPTIMIZATION_LEVEL = "-Onone";
			};
			name = Debug;
		};
		18A406D32134335100C1ADDD /* Release */ = {
			isa = XCBuildConfiguration;
			buildSettings = {
				ALWAYS_SEARCH_USER_PATHS = NO;
				CLANG_ANALYZER_NONNULL = YES;
				CLANG_ANALYZER_NUMBER_OBJECT_CONVERSION = YES_AGGRESSIVE;
				CLANG_CXX_LANGUAGE_STANDARD = "gnu++14";
				CLANG_CXX_LIBRARY = "libc++";
				CLANG_ENABLE_MODULES = YES;
				CLANG_ENABLE_OBJC_ARC = YES;
				CLANG_ENABLE_OBJC_WEAK = YES;
				CLANG_WARN_BLOCK_CAPTURE_AUTORELEASING = YES;
				CLANG_WARN_BOOL_CONVERSION = YES;
				CLANG_WARN_COMMA = YES;
				CLANG_WARN_CONSTANT_CONVERSION = YES;
				CLANG_WARN_DEPRECATED_OBJC_IMPLEMENTATIONS = YES;
				CLANG_WARN_DIRECT_OBJC_ISA_USAGE = YES_ERROR;
				CLANG_WARN_DOCUMENTATION_COMMENTS = YES;
				CLANG_WARN_EMPTY_BODY = YES;
				CLANG_WARN_ENUM_CONVERSION = YES;
				CLANG_WARN_INFINITE_RECURSION = YES;
				CLANG_WARN_INT_CONVERSION = YES;
				CLANG_WARN_NON_LITERAL_NULL_CONVERSION = YES;
				CLANG_WARN_OBJC_IMPLICIT_RETAIN_SELF = YES;
				CLANG_WARN_OBJC_LITERAL_CONVERSION = YES;
				CLANG_WARN_OBJC_ROOT_CLASS = YES_ERROR;
				CLANG_WARN_RANGE_LOOP_ANALYSIS = YES;
				CLANG_WARN_STRICT_PROTOTYPES = YES;
				CLANG_WARN_SUSPICIOUS_MOVE = YES;
				CLANG_WARN_UNGUARDED_AVAILABILITY = YES_AGGRESSIVE;
				CLANG_WARN_UNREACHABLE_CODE = YES;
				CLANG_WARN__DUPLICATE_METHOD_MATCH = YES;
				CODE_SIGN_IDENTITY = "iPhone Developer";
				COPY_PHASE_STRIP = NO;
				DEBUG_INFORMATION_FORMAT = "dwarf-with-dsym";
				ENABLE_NS_ASSERTIONS = NO;
				ENABLE_STRICT_OBJC_MSGSEND = YES;
				GCC_C_LANGUAGE_STANDARD = gnu11;
				GCC_NO_COMMON_BLOCKS = YES;
				GCC_WARN_64_TO_32_BIT_CONVERSION = YES;
				GCC_WARN_ABOUT_RETURN_TYPE = YES_ERROR;
				GCC_WARN_UNDECLARED_SELECTOR = YES;
				GCC_WARN_UNINITIALIZED_AUTOS = YES_AGGRESSIVE;
				GCC_WARN_UNUSED_FUNCTION = YES;
				GCC_WARN_UNUSED_VARIABLE = YES;
				IPHONEOS_DEPLOYMENT_TARGET = 12.0;
				MTL_ENABLE_DEBUG_INFO = NO;
				MTL_FAST_MATH = YES;
				SDKROOT = iphoneos;
				SWIFT_COMPILATION_MODE = wholemodule;
				SWIFT_OPTIMIZATION_LEVEL = "-O";
				VALIDATE_PRODUCT = YES;
			};
			name = Release;
		};
		18A406D52134335100C1ADDD /* Debug */ = {
			isa = XCBuildConfiguration;
			baseConfigurationReference = 3E01D801821B231A48EF156B /* Pods-ImageResizing.debug.xcconfig */;
			buildSettings = {
				CODE_SIGN_IDENTITY = "iPhone Developer";
				CODE_SIGN_STYLE = Automatic;
				DEVELOPMENT_TEAM = 63TG84TE66;
				INFOPLIST_FILE = ImageResizing/Info.plist;
				IPHONEOS_DEPLOYMENT_TARGET = 13.2;
				LD_RUNPATH_SEARCH_PATHS = (
					"$(inherited)",
					"@executable_path/Frameworks",
				);
				PRODUCT_BUNDLE_IDENTIFIER = com.eugenebokhan.ImageResizing;
				PRODUCT_NAME = "$(TARGET_NAME)";
				PROVISIONING_PROFILE_SPECIFIER = "";
				SWIFT_VERSION = 5.0;
				TARGETED_DEVICE_FAMILY = 1;
			};
			name = Debug;
		};
		18A406D62134335100C1ADDD /* Release */ = {
			isa = XCBuildConfiguration;
			baseConfigurationReference = 1C635E457B7DB96A698EEFD2 /* Pods-ImageResizing.release.xcconfig */;
			buildSettings = {
				CODE_SIGN_IDENTITY = "iPhone Developer";
				CODE_SIGN_STYLE = Automatic;
				DEVELOPMENT_TEAM = 63TG84TE66;
				INFOPLIST_FILE = ImageResizing/Info.plist;
				IPHONEOS_DEPLOYMENT_TARGET = 13.2;
				LD_RUNPATH_SEARCH_PATHS = (
					"$(inherited)",
					"@executable_path/Frameworks",
				);
				PRODUCT_BUNDLE_IDENTIFIER = com.eugenebokhan.ImageResizing;
				PRODUCT_NAME = "$(TARGET_NAME)";
				PROVISIONING_PROFILE_SPECIFIER = "";
				SWIFT_VERSION = 5.0;
				TARGETED_DEVICE_FAMILY = 1;
			};
			name = Release;
		};
		18AE885C23C10DB5008E7163 /* Debug */ = {
			isa = XCBuildConfiguration;
			baseConfigurationReference = B34A56F7AC525C8B6C04F056 /* Pods-ImageResizing-ImageResizingTests.debug.xcconfig */;
			buildSettings = {
				BUNDLE_LOADER = "$(TEST_HOST)";
				CODE_SIGN_STYLE = Automatic;
				DEVELOPMENT_TEAM = 63TG84TE66;
				INFOPLIST_FILE = ImageResizingTests/Info.plist;
				IPHONEOS_DEPLOYMENT_TARGET = 13.2;
				LD_RUNPATH_SEARCH_PATHS = (
					"$(inherited)",
					"@executable_path/Frameworks",
					"@loader_path/Frameworks",
				);
				PRODUCT_BUNDLE_IDENTIFIER = com.eugenebokhan.ImageResizingTests;
				PRODUCT_NAME = "$(TARGET_NAME)";
				SWIFT_VERSION = 5.0;
				TARGETED_DEVICE_FAMILY = "1,2";
				TEST_HOST = "$(BUILT_PRODUCTS_DIR)/ImageResizing.app/ImageResizing";
			};
			name = Debug;
		};
		18AE885D23C10DB5008E7163 /* Release */ = {
			isa = XCBuildConfiguration;
			baseConfigurationReference = 9BEBB74F08617E118DD379B0 /* Pods-ImageResizing-ImageResizingTests.release.xcconfig */;
			buildSettings = {
				BUNDLE_LOADER = "$(TEST_HOST)";
				CODE_SIGN_STYLE = Automatic;
				DEVELOPMENT_TEAM = 63TG84TE66;
				INFOPLIST_FILE = ImageResizingTests/Info.plist;
				IPHONEOS_DEPLOYMENT_TARGET = 13.2;
				LD_RUNPATH_SEARCH_PATHS = (
					"$(inherited)",
					"@executable_path/Frameworks",
					"@loader_path/Frameworks",
				);
				PRODUCT_BUNDLE_IDENTIFIER = com.eugenebokhan.ImageResizingTests;
				PRODUCT_NAME = "$(TARGET_NAME)";
				SWIFT_VERSION = 5.0;
				TARGETED_DEVICE_FAMILY = "1,2";
				TEST_HOST = "$(BUILT_PRODUCTS_DIR)/ImageResizing.app/ImageResizing";
			};
			name = Release;
		};
/* End XCBuildConfiguration section */

/* Begin XCConfigurationList section */
		18A406BD2134334F00C1ADDD /* Build configuration list for PBXProject "ImageResizing" */ = {
			isa = XCConfigurationList;
			buildConfigurations = (
				18A406D22134335100C1ADDD /* Debug */,
				18A406D32134335100C1ADDD /* Release */,
			);
			defaultConfigurationIsVisible = 0;
			defaultConfigurationName = Release;
		};
		18A406D42134335100C1ADDD /* Build configuration list for PBXNativeTarget "ImageResizing" */ = {
			isa = XCConfigurationList;
			buildConfigurations = (
				18A406D52134335100C1ADDD /* Debug */,
				18A406D62134335100C1ADDD /* Release */,
			);
			defaultConfigurationIsVisible = 0;
			defaultConfigurationName = Release;
		};
		18AE885B23C10DB5008E7163 /* Build configuration list for PBXNativeTarget "ImageResizingTests" */ = {
			isa = XCConfigurationList;
			buildConfigurations = (
				18AE885C23C10DB5008E7163 /* Debug */,
				18AE885D23C10DB5008E7163 /* Release */,
			);
			defaultConfigurationIsVisible = 0;
			defaultConfigurationName = Release;
		};
/* End XCConfigurationList section */
	};
	rootObject = 18A406BA2134334F00C1ADDD /* Project object */;
}
